
Microsoft Visual Studio Solution File, Format Version 12.00
# Visual Studio Version 17
VisualStudioVersion = 17.12.35527.113 d17.12
MinimumVisualStudioVersion = 10.0.40219.1
Project("{FAE04EC0-301F-11D3-BF4B-00C04F79EFBC}") = "POSSystem.API", "POSSystem\POSSystem.API.csproj", "{ED8488F0-E858-415A-93E6-A6DB1443D01B}"
EndProject
Project("{2150E333-8FDC-42A3-9474-1A3956D46DE8}") = "src", "src", "{F5AE73F0-531C-4C52-8BD1-6581B677E26D}"
EndProject
Project("{2150E333-8FDC-42A3-9474-1A3956D46DE8}") = "Core", "Core", "{D0B3F3D2-C7F0-4AC7-80B8-D221E056110D}"
EndProject
Project("{2150E333-8FDC-42A3-9474-1A3956D46DE8}") = "API", "API", "{D3F5D82A-6394-413C-81E8-9FDFE06F10E1}"
EndProject
Project("{2150E333-8FDC-42A3-9474-1A3956D46DE8}") = "Infrastructure", "Infrastructure", "{942D1D4F-0969-45FB-A0B6-72622E490F8A}"
EndProject
Project("{FAE04EC0-301F-11D3-BF4B-00C04F79EFBC}") = "POSSystem.Domain", "POSSystem.Domain\POSSystem.Domain.csproj", "{B10E5CAA-2227-4CF9-B506-38FBDAB0EB03}"
EndProject
Project("{FAE04EC0-301F-11D3-BF4B-00C04F79EFBC}") = "POSSystem.Infrastructure", "POSSystem.Infrastructure\POSSystem.Infrastructure.csproj", "{E76056F3-0F4A-409F-A7AC-A8E1220446EB}"
EndProject
Project("{FAE04EC0-301F-11D3-BF4B-00C04F79EFBC}") = "POSSystem.Persistence", "POSSystem.Persistence\POSSystem.Persistence.csproj", "{4576C5A7-F625-4074-BBF7-B6E4CFEF8B86}"
EndProject
Project("{FAE04EC0-301F-11D3-BF4B-00C04F79EFBC}") = "POSSystem.Application", "POSSystem.Application\POSSystem.Application.csproj", "{161CB9ED-1B88-40FC-9354-795140C7A5CC}"
EndProject
Global
	GlobalSection(SolutionConfigurationPlatforms) = preSolution
		Debug|Any CPU = Debug|Any CPU
		Release|Any CPU = Release|Any CPU
	EndGlobalSection
	GlobalSection(ProjectConfigurationPlatforms) = postSolution
		{ED8488F0-E858-415A-93E6-A6DB1443D01B}.Debug|Any CPU.ActiveCfg = Debug|Any CPU
		{ED8488F0-E858-415A-93E6-A6DB1443D01B}.Debug|Any CPU.Build.0 = Debug|Any CPU
		{ED8488F0-E858-415A-93E6-A6DB1443D01B}.Release|Any CPU.ActiveCfg = Release|Any CPU
		{ED8488F0-E858-415A-93E6-A6DB1443D01B}.Release|Any CPU.Build.0 = Release|Any CPU
		{B10E5CAA-2227-4CF9-B506-38FBDAB0EB03}.Debug|Any CPU.ActiveCfg = Debug|Any CPU
		{B10E5CAA-2227-4CF9-B506-38FBDAB0EB03}.Debug|Any CPU.Build.0 = Debug|Any CPU
		{B10E5CAA-2227-4CF9-B506-38FBDAB0EB03}.Release|Any CPU.ActiveCfg = Release|Any CPU
		{B10E5CAA-2227-4CF9-B506-38FBDAB0EB03}.Release|Any CPU.Build.0 = Release|Any CPU
		{E76056F3-0F4A-409F-A7AC-A8E1220446EB}.Debug|Any CPU.ActiveCfg = Debug|Any CPU
		{E76056F3-0F4A-409F-A7AC-A8E1220446EB}.Debug|Any CPU.Build.0 = Debug|Any CPU
		{E76056F3-0F4A-409F-A7AC-A8E1220446EB}.Release|Any CPU.ActiveCfg = Release|Any CPU
		{E76056F3-0F4A-409F-A7AC-A8E1220446EB}.Release|Any CPU.Build.0 = Release|Any CPU
		{4576C5A7-F625-4074-BBF7-B6E4CFEF8B86}.Debug|Any CPU.ActiveCfg = Debug|Any CPU
		{4576C5A7-F625-4074-BBF7-B6E4CFEF8B86}.Debug|Any CPU.Build.0 = Debug|Any CPU
		{4576C5A7-F625-4074-BBF7-B6E4CFEF8B86}.Release|Any CPU.ActiveCfg = Release|Any CPU
		{4576C5A7-F625-4074-BBF7-B6E4CFEF8B86}.Release|Any CPU.Build.0 = Release|Any CPU
		{161CB9ED-1B88-40FC-9354-795140C7A5CC}.Debug|Any CPU.ActiveCfg = Debug|Any CPU
		{161CB9ED-1B88-40FC-9354-795140C7A5CC}.Debug|Any CPU.Build.0 = Debug|Any CPU
		{161CB9ED-1B88-40FC-9354-795140C7A5CC}.Release|Any CPU.ActiveCfg = Release|Any CPU
		{161CB9ED-1B88-40FC-9354-795140C7A5CC}.Release|Any CPU.Build.0 = Release|Any CPU
	EndGlobalSection
	GlobalSection(SolutionProperties) = preSolution
		HideSolutionNode = FALSE
	EndGlobalSection
	GlobalSection(NestedProjects) = preSolution
		{ED8488F0-E858-415A-93E6-A6DB1443D01B} = {D3F5D82A-6394-413C-81E8-9FDFE06F10E1}
		{D0B3F3D2-C7F0-4AC7-80B8-D221E056110D} = {F5AE73F0-531C-4C52-8BD1-6581B677E26D}
		{D3F5D82A-6394-413C-81E8-9FDFE06F10E1} = {F5AE73F0-531C-4C52-8BD1-6581B677E26D}
		{942D1D4F-0969-45FB-A0B6-72622E490F8A} = {F5AE73F0-531C-4C52-8BD1-6581B677E26D}
		{B10E5CAA-2227-4CF9-B506-38FBDAB0EB03} = {D0B3F3D2-C7F0-4AC7-80B8-D221E056110D}
		{E76056F3-0F4A-409F-A7AC-A8E1220446EB} = {942D1D4F-0969-45FB-A0B6-72622E490F8A}
		{4576C5A7-F625-4074-BBF7-B6E4CFEF8B86} = {942D1D4F-0969-45FB-A0B6-72622E490F8A}
		{161CB9ED-1B88-40FC-9354-795140C7A5CC} = {D0B3F3D2-C7F0-4AC7-80B8-D221E056110D}
	EndGlobalSection
EndGlobal
